
Microsoft Visual Studio Solution File, Format Version 12.00
# Visual Studio Version 17
VisualStudioVersion = 17.6.33829.357
MinimumVisualStudioVersion = 10.0.40219.1
Project("{9A19103F-16F7-4668-BE54-9A1E7A4F7556}") = "MicroServicePayment", "MicroServicePayment\MicroServicePayment.csproj", "{A127FC2D-3309-4E4E-AE10-9D4C72974A97}"
EndProject
Project("{E53339B2-1760-4266-BCC7-CA923CBCF16C}") = "docker-compose", "docker-compose.dcproj", "{33710CD8-33BF-4717-A589-6F6F8C898904}"
EndProject
Global
	GlobalSection(SolutionConfigurationPlatforms) = preSolution
		Debug|Any CPU = Debug|Any CPU
		Release|Any CPU = Release|Any CPU
	EndGlobalSection
	GlobalSection(ProjectConfigurationPlatforms) = postSolution
		{A127FC2D-3309-4E4E-AE10-9D4C72974A97}.Debug|Any CPU.ActiveCfg = Debug|Any CPU
		{A127FC2D-3309-4E4E-AE10-9D4C72974A97}.Debug|Any CPU.Build.0 = Debug|Any CPU
		{A127FC2D-3309-4E4E-AE10-9D4C72974A97}.Release|Any CPU.ActiveCfg = Release|Any CPU
		{A127FC2D-3309-4E4E-AE10-9D4C72974A97}.Release|Any CPU.Build.0 = Release|Any CPU
		{33710CD8-33BF-4717-A589-6F6F8C898904}.Debug|Any CPU.ActiveCfg = Debug|Any CPU
		{33710CD8-33BF-4717-A589-6F6F8C898904}.Debug|Any CPU.Build.0 = Debug|Any CPU
		{33710CD8-33BF-4717-A589-6F6F8C898904}.Release|Any CPU.ActiveCfg = Release|Any CPU
		{33710CD8-33BF-4717-A589-6F6F8C898904}.Release|Any CPU.Build.0 = Release|Any CPU
	EndGlobalSection
	GlobalSection(SolutionProperties) = preSolution
		HideSolutionNode = FALSE
	EndGlobalSection
	GlobalSection(ExtensibilityGlobals) = postSolution
		SolutionGuid = {44CBCFC6-34F0-4DBE-99D3-45DF09C626CA}
	EndGlobalSection
EndGlobal
